
Microsoft Visual Studio Solution File, Format Version 12.00
# Visual Studio Version 16
VisualStudioVersion = 16.0.34601.136
MinimumVisualStudioVersion = 10.0.40219.1
Project("{8BC9CEB8-8B4A-11D0-8D11-00A0C91BC942}") = "Dll", "Dll\Dll.vcxproj", "{965F9661-E679-4ED6-AADC-6A9B16666FEE}"
EndProject
Global
	GlobalSection(SolutionConfigurationPlatforms) = preSolution
		Debug|x64 = Debug|x64
		Debug|x86 = Debug|x86
		Release|x64 = Release|x64
		Release|x86 = Release|x86
	EndGlobalSection
	GlobalSection(ProjectConfigurationPlatforms) = postSolution
		{965F9661-E679-4ED6-AADC-6A9B16666FEE}.Debug|x64.ActiveCfg = Debug|x64
		{965F9661-E679-4ED6-AADC-6A9B16666FEE}.Debug|x64.Build.0 = Debug|x64
		{965F9661-E679-4ED6-AADC-6A9B16666FEE}.Debug|x86.ActiveCfg = Debug|Win32
		{965F9661-E679-4ED6-AADC-6A9B16666FEE}.Debug|x86.Build.0 = Debug|Win32
		{965F9661-E679-4ED6-AADC-6A9B16666FEE}.Release|x64.ActiveCfg = Release|x64
		{965F9661-E679-4ED6-AADC-6A9B16666FEE}.Release|x64.Build.0 = Release|x64
		{965F9661-E679-4ED6-AADC-6A9B16666FEE}.Release|x86.ActiveCfg = Release|Win32
		{965F9661-E679-4ED6-AADC-6A9B16666FEE}.Release|x86.Build.0 = Release|Win32
	EndGlobalSection
	GlobalSection(SolutionProperties) = preSolution
		HideSolutionNode = FALSE
	EndGlobalSection
	GlobalSection(ExtensibilityGlobals) = postSolution
		SolutionGuid = {79CCC9E0-0F38-4091-A835-BFFE41532776}
	EndGlobalSection
EndGlobal
